
Microsoft Visual Studio Solution File, Format Version 12.00
# Visual Studio Version 17
VisualStudioVersion = 17.5.33530.505
MinimumVisualStudioVersion = 10.0.40219.1
Project("{FAE04EC0-301F-11D3-BF4B-00C04F79EFBC}") = "Segunda_practica_estructura_datos", "Segunda_practica_estructura_datos\Segunda_practica_estructura_datos.csproj", "{B57B6D0F-8E16-4667-BC35-A7E1144CA85F}"
EndProject
Global
	GlobalSection(SolutionConfigurationPlatforms) = preSolution
		Debug|Any CPU = Debug|Any CPU
		Release|Any CPU = Release|Any CPU
	EndGlobalSection
	GlobalSection(ProjectConfigurationPlatforms) = postSolution
		{B57B6D0F-8E16-4667-BC35-A7E1144CA85F}.Debug|Any CPU.ActiveCfg = Debug|Any CPU
		{B57B6D0F-8E16-4667-BC35-A7E1144CA85F}.Debug|Any CPU.Build.0 = Debug|Any CPU
		{B57B6D0F-8E16-4667-BC35-A7E1144CA85F}.Release|Any CPU.ActiveCfg = Release|Any CPU
		{B57B6D0F-8E16-4667-BC35-A7E1144CA85F}.Release|Any CPU.Build.0 = Release|Any CPU
	EndGlobalSection
	GlobalSection(SolutionProperties) = preSolution
		HideSolutionNode = FALSE
	EndGlobalSection
	GlobalSection(ExtensibilityGlobals) = postSolution
		SolutionGuid = {50F801C2-E049-4CDF-9D68-6D93CA929AE6}
	EndGlobalSection
EndGlobal
